
Microsoft Visual Studio Solution File, Format Version 12.00
# Visual Studio Version 16
VisualStudioVersion = 16.0.32106.194
MinimumVisualStudioVersion = 10.0.40219.1
Project("{FAE04EC0-301F-11D3-BF4B-00C04F79EFBC}") = "WebgentalIdentity", "WebgentalIdentity\WebgentalIdentity.csproj", "{90A4983E-824A-4F21-9038-D3657331DD32}"
EndProject
Global
	GlobalSection(SolutionConfigurationPlatforms) = preSolution
		Debug|Any CPU = Debug|Any CPU
		Release|Any CPU = Release|Any CPU
	EndGlobalSection
	GlobalSection(ProjectConfigurationPlatforms) = postSolution
		{90A4983E-824A-4F21-9038-D3657331DD32}.Debug|Any CPU.ActiveCfg = Debug|Any CPU
		{90A4983E-824A-4F21-9038-D3657331DD32}.Debug|Any CPU.Build.0 = Debug|Any CPU
		{90A4983E-824A-4F21-9038-D3657331DD32}.Release|Any CPU.ActiveCfg = Release|Any CPU
		{90A4983E-824A-4F21-9038-D3657331DD32}.Release|Any CPU.Build.0 = Release|Any CPU
	EndGlobalSection
	GlobalSection(SolutionProperties) = preSolution
		HideSolutionNode = FALSE
	EndGlobalSection
	GlobalSection(ExtensibilityGlobals) = postSolution
		SolutionGuid = {EE4662C3-94E7-485E-9BB5-FFEFE1E6A3BE}
	EndGlobalSection
EndGlobal
